// !$*UTF8*$!
{
	archiveVersion = 1;
	classes = {
	};
	objectVersion = 56;
	objects = {

/* Begin PBXBuildFile section */
		81453B322A60278A001E16CB /* AppDelegate.swift in Sources */ = {isa = PBXBuildFile; fileRef = 81453B312A60278A001E16CB /* AppDelegate.swift */; };
		81453B342A60278A001E16CB /* SceneDelegate.swift in Sources */ = {isa = PBXBuildFile; fileRef = 81453B332A60278A001E16CB /* SceneDelegate.swift */; };
		81453B362A60278A001E16CB /* ViewController.swift in Sources */ = {isa = PBXBuildFile; fileRef = 81453B352A60278A001E16CB /* ViewController.swift */; };
		81453B3C2A60278A001E16CB /* Test_tasks_from_Docusketch.xcdatamodeld in Sources */ = {isa = PBXBuildFile; fileRef = 81453B3A2A60278A001E16CB /* Test_tasks_from_Docusketch.xcdatamodeld */; };
		81453B3E2A60278B001E16CB /* Assets.xcassets in Resources */ = {isa = PBXBuildFile; fileRef = 81453B3D2A60278B001E16CB /* Assets.xcassets */; };
		81453B412A60278B001E16CB /* LaunchScreen.storyboard in Resources */ = {isa = PBXBuildFile; fileRef = 81453B3F2A60278B001E16CB /* LaunchScreen.storyboard */; };
/* End PBXBuildFile section */

/* Begin PBXFileReference section */
		81453B2E2A60278A001E16CB /* Test tasks from Docusketch.app */ = {isa = PBXFileReference; explicitFileType = wrapper.application; includeInIndex = 0; path = "Test tasks from Docusketch.app"; sourceTree = BUILT_PRODUCTS_DIR; };
		81453B312A60278A001E16CB /* AppDelegate.swift */ = {isa = PBXFileReference; lastKnownFileType = sourcecode.swift; path = AppDelegate.swift; sourceTree = "<group>"; };
		81453B332A60278A001E16CB /* SceneDelegate.swift */ = {isa = PBXFileReference; lastKnownFileType = sourcecode.swift; path = SceneDelegate.swift; sourceTree = "<group>"; };
		81453B352A60278A001E16CB /* ViewController.swift */ = {isa = PBXFileReference; lastKnownFileType = sourcecode.swift; path = ViewController.swift; sourceTree = "<group>"; };
		81453B3B2A60278A001E16CB /* Test_tasks_from_Docusketch.xcdatamodel */ = {isa = PBXFileReference; lastKnownFileType = wrapper.xcdatamodel; path = Test_tasks_from_Docusketch.xcdatamodel; sourceTree = "<group>"; };
		81453B3D2A60278B001E16CB /* Assets.xcassets */ = {isa = PBXFileReference; lastKnownFileType = folder.assetcatalog; path = Assets.xcassets; sourceTree = "<group>"; };
		81453B402A60278B001E16CB /* Base */ = {isa = PBXFileReference; lastKnownFileType = file.storyboard; name = Base; path = Base.lproj/LaunchScreen.storyboard; sourceTree = "<group>"; };
		81453B422A60278B001E16CB /* Info.plist */ = {isa = PBXFileReference; lastKnownFileType = text.plist.xml; path = Info.plist; sourceTree = "<group>"; };
/* End PBXFileReference section */

/* Begin PBXFrameworksBuildPhase section */
		81453B2B2A60278A001E16CB /* Frameworks */ = {
			isa = PBXFrameworksBuildPhase;
			buildActionMask = 2147483647;
			files = (
			);
			runOnlyForDeploymentPostprocessing = 0;
		};
/* End PBXFrameworksBuildPhase section */

/* Begin PBXGroup section */
		81453B252A60278A001E16CB = {
			isa = PBXGroup;
			children = (
				81453B302A60278A001E16CB /* Test tasks from Docusketch */,
				81453B2F2A60278A001E16CB /* Products */,
			);
			sourceTree = "<group>";
		};
		81453B2F2A60278A001E16CB /* Products */ = {
			isa = PBXGroup;
			children = (
				81453B2E2A60278A001E16CB /* Test tasks from Docusketch.app */,
			);
			name = Products;
			sourceTree = "<group>";
		};
		81453B302A60278A001E16CB /* Test tasks from Docusketch */ = {
			isa = PBXGroup;
			children = (
				81453B312A60278A001E16CB /* AppDelegate.swift */,
				81453B332A60278A001E16CB /* SceneDelegate.swift */,
				81453B352A60278A001E16CB /* ViewController.swift */,
				81453B3D2A60278B001E16CB /* Assets.xcassets */,
				81453B3F2A60278B001E16CB /* LaunchScreen.storyboard */,
				81453B422A60278B001E16CB /* Info.plist */,
				81453B3A2A60278A001E16CB /* Test_tasks_from_Docusketch.xcdatamodeld */,
			);
			path = "Test tasks from Docusketch";
			sourceTree = "<group>";
		};
/* End PBXGroup section */

/* Begin PBXNativeTarget section */
		81453B2D2A60278A001E16CB /* Test tasks from Docusketch */ = {
			isa = PBXNativeTarget;
			buildConfigurationList = 81453B452A60278B001E16CB /* Build configuration list for PBXNativeTarget "Test tasks from Docusketch" */;
			buildPhases = (
				81453B2A2A60278A001E16CB /* Sources */,
				81453B2B2A60278A001E16CB /* Frameworks */,
				81453B2C2A60278A001E16CB /* Resources */,
			);
			buildRules = (
			);
			dependencies = (
			);
			name = "Test tasks from Docusketch";
			productName = "Test tasks from Docusketch";
			productReference = 81453B2E2A60278A001E16CB /* Test tasks from Docusketch.app */;
			productType = "com.apple.product-type.application";
		};
/* End PBXNativeTarget section */

/* Begin PBXProject section */
		81453B262A60278A001E16CB /* Project object */ = {
			isa = PBXProject;
			attributes = {
				BuildIndependentTargetsInParallel = 1;
				LastSwiftUpdateCheck = 1420;
				LastUpgradeCheck = 1420;
				TargetAttributes = {
					81453B2D2A60278A001E16CB = {
						CreatedOnToolsVersion = 14.2;
					};
				};
			};
			buildConfigurationList = 81453B292A60278A001E16CB /* Build configuration list for PBXProject "Test tasks from Docusketch" */;
			compatibilityVersion = "Xcode 14.0";
			developmentRegion = en;
			hasScannedForEncodings = 0;
			knownRegions = (
				en,
				Base,
			);
			mainGroup = 81453B252A60278A001E16CB;
			productRefGroup = 81453B2F2A60278A001E16CB /* Products */;
			projectDirPath = "";
			projectRoot = "";
			targets = (
				81453B2D2A60278A001E16CB /* Test tasks from Docusketch */,
			);
		};
/* End PBXProject section */

/* Begin PBXResourcesBuildPhase section */
		81453B2C2A60278A001E16CB /* Resources */ = {
			isa = PBXResourcesBuildPhase;
			buildActionMask = 2147483647;
			files = (
				81453B412A60278B001E16CB /* LaunchScreen.storyboard in Resources */,
				81453B3E2A60278B001E16CB /* Assets.xcassets in Resources */,
			);
			runOnlyForDeploymentPostprocessing = 0;
		};
/* End PBXResourcesBuildPhase section */

/* Begin PBXSourcesBuildPhase section */
		81453B2A2A60278A001E16CB /* Sources */ = {
			isa = PBXSourcesBuildPhase;
			buildActionMask = 2147483647;
			files = (
				81453B362A60278A001E16CB /* ViewController.swift in Sources */,
				81453B322A60278A001E16CB /* AppDelegate.swift in Sources */,
				81453B342A60278A001E16CB /* SceneDelegate.swift in Sources */,
				81453B3C2A60278A001E16CB /* Test_tasks_from_Docusketch.xcdatamodeld in Sources */,
			);
			runOnlyForDeploymentPostprocessing = 0;
		};
/* End PBXSourcesBuildPhase section */

/* Begin PBXVariantGroup section */
		81453B3F2A60278B001E16CB /* LaunchScreen.storyboard */ = {
			isa = PBXVariantGroup;
			children = (
				81453B402A60278B001E16CB /* Base */,
			);
			name = LaunchScreen.storyboard;
			sourceTree = "<group>";
		};
/* End PBXVariantGroup section */

/* Begin XCBuildConfiguration section */
		81453B432A60278B001E16CB /* Debug */ = {
			isa = XCBuildConfiguration;
			buildSettings = {
				ALWAYS_SEARCH_USER_PATHS = NO;
				CLANG_ANALYZER_NONNULL = YES;
				CLANG_ANALYZER_NUMBER_OBJECT_CONVERSION = YES_AGGRESSIVE;
				CLANG_CXX_LANGUAGE_STANDARD = "gnu++20";
				CLANG_ENABLE_MODULES = YES;
				CLANG_ENABLE_OBJC_ARC = YES;
				CLANG_ENABLE_OBJC_WEAK = YES;
				CLANG_WARN_BLOCK_CAPTURE_AUTORELEASING = YES;
				CLANG_WARN_BOOL_CONVERSION = YES;
				CLANG_WARN_COMMA = YES;
				CLANG_WARN_CONSTANT_CONVERSION = YES;
				CLANG_WARN_DEPRECATED_OBJC_IMPLEMENTATIONS = YES;
				CLANG_WARN_DIRECT_OBJC_ISA_USAGE = YES_ERROR;
				CLANG_WARN_DOCUMENTATION_COMMENTS = YES;
				CLANG_WARN_EMPTY_BODY = YES;
				CLANG_WARN_ENUM_CONVERSION = YES;
				CLANG_WARN_INFINITE_RECURSION = YES;
				CLANG_WARN_INT_CONVERSION = YES;
				CLANG_WARN_NON_LITERAL_NULL_CONVERSION = YES;
				CLANG_WARN_OBJC_IMPLICIT_RETAIN_SELF = YES;
				CLANG_WARN_OBJC_LITERAL_CONVERSION = YES;
				CLANG_WARN_OBJC_ROOT_CLASS = YES_ERROR;
				CLANG_WARN_QUOTED_INCLUDE_IN_FRAMEWORK_HEADER = YES;
				CLANG_WARN_RANGE_LOOP_ANALYSIS = YES;
				CLANG_WARN_STRICT_PROTOTYPES = YES;
				CLANG_WARN_SUSPICIOUS_MOVE = YES;
				CLANG_WARN_UNGUARDED_AVAILABILITY = YES_AGGRESSIVE;
				CLANG_WARN_UNREACHABLE_CODE = YES;
				CLANG_WARN__DUPLICATE_METHOD_MATCH = YES;
				COPY_PHASE_STRIP = NO;
				DEBUG_INFORMATION_FORMAT = dwarf;
				ENABLE_STRICT_OBJC_MSGSEND = YES;
				ENABLE_TESTABILITY = YES;
				GCC_C_LANGUAGE_STANDARD = gnu11;
				GCC_DYNAMIC_NO_PIC = NO;
				GCC_NO_COMMON_BLOCKS = YES;
				GCC_OPTIMIZATION_LEVEL = 0;
				GCC_PREPROCESSOR_DEFINITIONS = (
					"DEBUG=1",
					"$(inherited)",
				);
				GCC_WARN_64_TO_32_BIT_CONVERSION = YES;
				GCC_WARN_ABOUT_RETURN_TYPE = YES_ERROR;
				GCC_WARN_UNDECLARED_SELECTOR = YES;
				GCC_WARN_UNINITIALIZED_AUTOS = YES_AGGRESSIVE;
				GCC_WARN_UNUSED_FUNCTION = YES;
				GCC_WARN_UNUSED_VARIABLE = YES;
				IPHONEOS_DEPLOYMENT_TARGET = 16.2;
				MTL_ENABLE_DEBUG_INFO = INCLUDE_SOURCE;
				MTL_FAST_MATH = YES;
				ONLY_ACTIVE_ARCH = YES;
				SDKROOT = iphoneos;
				SWIFT_ACTIVE_COMPILATION_CONDITIONS = DEBUG;
				SWIFT_OPTIMIZATION_LEVEL = "-Onone";
			};
			name = Debug;
		};
		81453B442A60278B001E16CB /* Release */ = {
			isa = XCBuildConfiguration;
			buildSettings = {
				ALWAYS_SEARCH_USER_PATHS = NO;
				CLANG_ANALYZER_NONNULL = YES;
				CLANG_ANALYZER_NUMBER_OBJECT_CONVERSION = YES_AGGRESSIVE;
				CLANG_CXX_LANGUAGE_STANDARD = "gnu++20";
				CLANG_ENABLE_MODULES = YES;
				CLANG_ENABLE_OBJC_ARC = YES;
				CLANG_ENABLE_OBJC_WEAK = YES;
				CLANG_WARN_BLOCK_CAPTURE_AUTORELEASING = YES;
				CLANG_WARN_BOOL_CONVERSION = YES;
				CLANG_WARN_COMMA = YES;
				CLANG_WARN_CONSTANT_CONVERSION = YES;
				CLANG_WARN_DEPRECATED_OBJC_IMPLEMENTATIONS = YES;
				CLANG_WARN_DIRECT_OBJC_ISA_USAGE = YES_ERROR;
				CLANG_WARN_DOCUMENTATION_COMMENTS = YES;
				CLANG_WARN_EMPTY_BODY = YES;
				CLANG_WARN_ENUM_CONVERSION = YES;
				CLANG_WARN_INFINITE_RECURSION = YES;
				CLANG_WARN_INT_CONVERSION = YES;
				CLANG_WARN_NON_LITERAL_NULL_CONVERSION = YES;
				CLANG_WARN_OBJC_IMPLICIT_RETAIN_SELF = YES;
				CLANG_WARN_OBJC_LITERAL_CONVERSION = YES;
				CLANG_WARN_OBJC_ROOT_CLASS = YES_ERROR;
				CLANG_WARN_QUOTED_INCLUDE_IN_FRAMEWORK_HEADER = YES;
				CLANG_WARN_RANGE_LOOP_ANALYSIS = YES;
				CLANG_WARN_STRICT_PROTOTYPES = YES;
				CLANG_WARN_SUSPICIOUS_MOVE = YES;
				CLANG_WARN_UNGUARDED_AVAILABILITY = YES_AGGRESSIVE;
				CLANG_WARN_UNREACHABLE_CODE = YES;
				CLANG_WARN__DUPLICATE_METHOD_MATCH = YES;
				COPY_PHASE_STRIP = NO;
				DEBUG_INFORMATION_FORMAT = "dwarf-with-dsym";
				ENABLE_NS_ASSERTIONS = NO;
				ENABLE_STRICT_OBJC_MSGSEND = YES;
				GCC_C_LANGUAGE_STANDARD = gnu11;
				GCC_NO_COMMON_BLOCKS = YES;
				GCC_WARN_64_TO_32_BIT_CONVERSION = YES;
				GCC_WARN_ABOUT_RETURN_TYPE = YES_ERROR;
				GCC_WARN_UNDECLARED_SELECTOR = YES;
				GCC_WARN_UNINITIALIZED_AUTOS = YES_AGGRESSIVE;
				GCC_WARN_UNUSED_FUNCTION = YES;
				GCC_WARN_UNUSED_VARIABLE = YES;
				IPHONEOS_DEPLOYMENT_TARGET = 16.2;
				MTL_ENABLE_DEBUG_INFO = NO;
				MTL_FAST_MATH = YES;
				SDKROOT = iphoneos;
				SWIFT_COMPILATION_MODE = wholemodule;
				SWIFT_OPTIMIZATION_LEVEL = "-O";
				VALIDATE_PRODUCT = YES;
			};
			name = Release;
		};
		81453B462A60278B001E16CB /* Debug */ = {
			isa = XCBuildConfiguration;
			buildSettings = {
				ASSETCATALOG_COMPILER_APPICON_NAME = AppIcon;
				ASSETCATALOG_COMPILER_GLOBAL_ACCENT_COLOR_NAME = AccentColor;
				CODE_SIGN_STYLE = Automatic;
				CURRENT_PROJECT_VERSION = 1;
				DEVELOPMENT_TEAM = NDWW33V3F9;
				GENERATE_INFOPLIST_FILE = YES;
				INFOPLIST_FILE = "Test tasks from Docusketch/Info.plist";
				INFOPLIST_KEY_UIApplicationSupportsIndirectInputEvents = YES;
				INFOPLIST_KEY_UILaunchStoryboardName = LaunchScreen;
				INFOPLIST_KEY_UISupportedInterfaceOrientations = UIInterfaceOrientationPortrait;
				LD_RUNPATH_SEARCH_PATHS = (
					"$(inherited)",
					"@executable_path/Frameworks",
				);
				MARKETING_VERSION = 1.0;
				PRODUCT_BUNDLE_IDENTIFIER = "Tyshkan4ik.Test-tasks-from-Docusketch";
				PRODUCT_NAME = "$(TARGET_NAME)";
				SWIFT_EMIT_LOC_STRINGS = YES;
				SWIFT_VERSION = 5.0;
				TARGETED_DEVICE_FAMILY = "1,2";
			};
			name = Debug;
		};
		81453B472A60278B001E16CB /* Release */ = {
			isa = XCBuildConfiguration;
			buildSettings = {
				ASSETCATALOG_COMPILER_APPICON_NAME = AppIcon;
				ASSETCATALOG_COMPILER_GLOBAL_ACCENT_COLOR_NAME = AccentColor;
				CODE_SIGN_STYLE = Automatic;
				CURRENT_PROJECT_VERSION = 1;
				DEVELOPMENT_TEAM = NDWW33V3F9;
				GENERATE_INFOPLIST_FILE = YES;
				INFOPLIST_FILE = "Test tasks from Docusketch/Info.plist";
				INFOPLIST_KEY_UIApplicationSupportsIndirectInputEvents = YES;
				INFOPLIST_KEY_UILaunchStoryboardName = LaunchScreen;
				INFOPLIST_KEY_UISupportedInterfaceOrientations = UIInterfaceOrientationPortrait;
				LD_RUNPATH_SEARCH_PATHS = (
					"$(inherited)",
					"@executable_path/Frameworks",
				);
				MARKETING_VERSION = 1.0;
				PRODUCT_BUNDLE_IDENTIFIER = "Tyshkan4ik.Test-tasks-from-Docusketch";
				PRODUCT_NAME = "$(TARGET_NAME)";
				SWIFT_EMIT_LOC_STRINGS = YES;
				SWIFT_VERSION = 5.0;
				TARGETED_DEVICE_FAMILY = "1,2";
			};
			name = Release;
		};
/* End XCBuildConfiguration section */

/* Begin XCConfigurationList section */
		81453B292A60278A001E16CB /* Build configuration list for PBXProject "Test tasks from Docusketch" */ = {
			isa = XCConfigurationList;
			buildConfigurations = (
				81453B432A60278B001E16CB /* Debug */,
				81453B442A60278B001E16CB /* Release */,
			);
			defaultConfigurationIsVisible = 0;
			defaultConfigurationName = Release;
		};
		81453B452A60278B001E16CB /* Build configuration list for PBXNativeTarget "Test tasks from Docusketch" */ = {
			isa = XCConfigurationList;
			buildConfigurations = (
				81453B462A60278B001E16CB /* Debug */,
				81453B472A60278B001E16CB /* Release */,
			);
			defaultConfigurationIsVisible = 0;
			defaultConfigurationName = Release;
		};
/* End XCConfigurationList section */

/* Begin XCVersionGroup section */
		81453B3A2A60278A001E16CB /* Test_tasks_from_Docusketch.xcdatamodeld */ = {
			isa = XCVersionGroup;
			children = (
				81453B3B2A60278A001E16CB /* Test_tasks_from_Docusketch.xcdatamodel */,
			);
			currentVersion = 81453B3B2A60278A001E16CB /* Test_tasks_from_Docusketch.xcdatamodel */;
			path = Test_tasks_from_Docusketch.xcdatamodeld;
			sourceTree = "<group>";
			versionGroupType = wrapper.xcdatamodel;
		};
/* End XCVersionGroup section */
	};
	rootObject = 81453B262A60278A001E16CB /* Project object */;
}
